
Microsoft Visual Studio Solution File, Format Version 11.00
# Visual Studio 2010
# SharpDevelop 4.4
Project("{FAE04EC0-301F-11D3-BF4B-00C04F79EFBC}") = "GcodeEditor", "GcodeEditor\GcodeEditor.csproj", "{804B11EB-3EE1-4778-861A-ED459CF54B5B}"
EndProject
Global
	GlobalSection(SolutionConfigurationPlatforms) = preSolution
		Debug|Any CPU = Debug|Any CPU
		Release|Any CPU = Release|Any CPU
	EndGlobalSection
	GlobalSection(ProjectConfigurationPlatforms) = postSolution
		{804B11EB-3EE1-4778-861A-ED459CF54B5B}.Debug|Any CPU.Build.0 = Debug|Any CPU
		{804B11EB-3EE1-4778-861A-ED459CF54B5B}.Debug|Any CPU.ActiveCfg = Debug|Any CPU
		{804B11EB-3EE1-4778-861A-ED459CF54B5B}.Release|Any CPU.Build.0 = Release|Any CPU
		{804B11EB-3EE1-4778-861A-ED459CF54B5B}.Release|Any CPU.ActiveCfg = Release|Any CPU
	EndGlobalSection
EndGlobal
